
Microsoft Visual Studio Solution File, Format Version 12.00
# Visual Studio 15
VisualStudioVersion = 15.0.28307.1267
MinimumVisualStudioVersion = 10.0.40219.1
Project("{FAE04EC0-301F-11D3-BF4B-00C04F79EFBC}") = "L1_Simu_Mircea", "Labirint\L1_Simu_Mircea.csproj", "{2D7A0D22-3113-4517-A379-668F74ED6760}"
EndProject
Global
	GlobalSection(SolutionConfigurationPlatforms) = preSolution
		Debug|Any CPU = Debug|Any CPU
		Release|Any CPU = Release|Any CPU
	EndGlobalSection
	GlobalSection(ProjectConfigurationPlatforms) = postSolution
		{2D7A0D22-3113-4517-A379-668F74ED6760}.Debug|Any CPU.ActiveCfg = Debug|Any CPU
		{2D7A0D22-3113-4517-A379-668F74ED6760}.Debug|Any CPU.Build.0 = Debug|Any CPU
		{2D7A0D22-3113-4517-A379-668F74ED6760}.Release|Any CPU.ActiveCfg = Release|Any CPU
		{2D7A0D22-3113-4517-A379-668F74ED6760}.Release|Any CPU.Build.0 = Release|Any CPU
	EndGlobalSection
	GlobalSection(SolutionProperties) = preSolution
		HideSolutionNode = FALSE
	EndGlobalSection
	GlobalSection(ExtensibilityGlobals) = postSolution
		SolutionGuid = {5690A406-D7E8-4BCE-988F-6A0883DAD1A1}
	EndGlobalSection
EndGlobal
