
Microsoft Visual Studio Solution File, Format Version 12.00
# Visual Studio 15
VisualStudioVersion = 15.0.28307.1267
MinimumVisualStudioVersion = 10.0.40219.1
Project("{FAE04EC0-301F-11D3-BF4B-00C04F79EFBC}") = "Ch_Simu_Mircea", "Ch_Simu_Mircea\Ch_Simu_Mircea.csproj", "{6BF37E74-4A6D-463E-AEE2-5858FCF5BFE5}"
EndProject
Global
	GlobalSection(SolutionConfigurationPlatforms) = preSolution
		Debug|Any CPU = Debug|Any CPU
		Release|Any CPU = Release|Any CPU
	EndGlobalSection
	GlobalSection(ProjectConfigurationPlatforms) = postSolution
		{6BF37E74-4A6D-463E-AEE2-5858FCF5BFE5}.Debug|Any CPU.ActiveCfg = Debug|Any CPU
		{6BF37E74-4A6D-463E-AEE2-5858FCF5BFE5}.Debug|Any CPU.Build.0 = Debug|Any CPU
		{6BF37E74-4A6D-463E-AEE2-5858FCF5BFE5}.Release|Any CPU.ActiveCfg = Release|Any CPU
		{6BF37E74-4A6D-463E-AEE2-5858FCF5BFE5}.Release|Any CPU.Build.0 = Release|Any CPU
	EndGlobalSection
	GlobalSection(SolutionProperties) = preSolution
		HideSolutionNode = FALSE
	EndGlobalSection
	GlobalSection(ExtensibilityGlobals) = postSolution
		SolutionGuid = {5E8725DF-ABD4-4A99-8998-C7BC865BD15E}
	EndGlobalSection
EndGlobal
