
Microsoft Visual Studio Solution File, Format Version 12.00
# Visual Studio 15
VisualStudioVersion = 15.0.28307.1259
MinimumVisualStudioVersion = 10.0.40219.1
Project("{FAE04EC0-301F-11D3-BF4B-00C04F79EFBC}") = "R_Simu_Mircea", "R_Simu_Mircea\R_Simu_Mircea.csproj", "{81C55093-44EA-472B-9758-3FF368B866F3}"
EndProject
Global
	GlobalSection(SolutionConfigurationPlatforms) = preSolution
		Debug|Any CPU = Debug|Any CPU
		Release|Any CPU = Release|Any CPU
	EndGlobalSection
	GlobalSection(ProjectConfigurationPlatforms) = postSolution
		{81C55093-44EA-472B-9758-3FF368B866F3}.Debug|Any CPU.ActiveCfg = Debug|Any CPU
		{81C55093-44EA-472B-9758-3FF368B866F3}.Debug|Any CPU.Build.0 = Debug|Any CPU
		{81C55093-44EA-472B-9758-3FF368B866F3}.Release|Any CPU.ActiveCfg = Release|Any CPU
		{81C55093-44EA-472B-9758-3FF368B866F3}.Release|Any CPU.Build.0 = Release|Any CPU
	EndGlobalSection
	GlobalSection(SolutionProperties) = preSolution
		HideSolutionNode = FALSE
	EndGlobalSection
	GlobalSection(ExtensibilityGlobals) = postSolution
		SolutionGuid = {AA108F59-EFA3-45FA-8A6B-B99DB88A4856}
	EndGlobalSection
EndGlobal
