
Microsoft Visual Studio Solution File, Format Version 12.00
# Visual Studio Version 16
VisualStudioVersion = 16.0.29519.181
MinimumVisualStudioVersion = 10.0.40219.1
Project("{FAE04EC0-301F-11D3-BF4B-00C04F79EFBC}") = "Diferente_Simu_Mircea", "Diferente_Simu_Mircea.csproj", "{33415F7E-FAFC-4237-A2E2-46C14B3A4E31}"
EndProject
Global
	GlobalSection(SolutionConfigurationPlatforms) = preSolution
		Debug|Any CPU = Debug|Any CPU
		Release|Any CPU = Release|Any CPU
	EndGlobalSection
	GlobalSection(ProjectConfigurationPlatforms) = postSolution
		{33415F7E-FAFC-4237-A2E2-46C14B3A4E31}.Debug|Any CPU.ActiveCfg = Debug|Any CPU
		{33415F7E-FAFC-4237-A2E2-46C14B3A4E31}.Debug|Any CPU.Build.0 = Debug|Any CPU
		{33415F7E-FAFC-4237-A2E2-46C14B3A4E31}.Release|Any CPU.ActiveCfg = Release|Any CPU
		{33415F7E-FAFC-4237-A2E2-46C14B3A4E31}.Release|Any CPU.Build.0 = Release|Any CPU
	EndGlobalSection
	GlobalSection(SolutionProperties) = preSolution
		HideSolutionNode = FALSE
	EndGlobalSection
	GlobalSection(ExtensibilityGlobals) = postSolution
		SolutionGuid = {FD16BBB8-BF7D-4E1E-8CC9-581070821AD2}
	EndGlobalSection
EndGlobal
