
Microsoft Visual Studio Solution File, Format Version 12.00
# Visual Studio 15
VisualStudioVersion = 15.0.28307.1267
MinimumVisualStudioVersion = 10.0.40219.1
Project("{FAE04EC0-301F-11D3-BF4B-00C04F79EFBC}") = "Minesweeper_Simu_Mircea", "Minesweeper_Simu_Mircea\Minesweeper_Simu_Mircea.csproj", "{4F571884-9B7E-402F-AAAB-FE2D3A4A6A02}"
EndProject
Global
	GlobalSection(SolutionConfigurationPlatforms) = preSolution
		Debug|Any CPU = Debug|Any CPU
		Release|Any CPU = Release|Any CPU
	EndGlobalSection
	GlobalSection(ProjectConfigurationPlatforms) = postSolution
		{4F571884-9B7E-402F-AAAB-FE2D3A4A6A02}.Debug|Any CPU.ActiveCfg = Debug|Any CPU
		{4F571884-9B7E-402F-AAAB-FE2D3A4A6A02}.Debug|Any CPU.Build.0 = Debug|Any CPU
		{4F571884-9B7E-402F-AAAB-FE2D3A4A6A02}.Release|Any CPU.ActiveCfg = Release|Any CPU
		{4F571884-9B7E-402F-AAAB-FE2D3A4A6A02}.Release|Any CPU.Build.0 = Release|Any CPU
	EndGlobalSection
	GlobalSection(SolutionProperties) = preSolution
		HideSolutionNode = FALSE
	EndGlobalSection
	GlobalSection(ExtensibilityGlobals) = postSolution
		SolutionGuid = {006FF919-89A2-44D0-86C9-8CC11DC77675}
	EndGlobalSection
EndGlobal
